
Microsoft Visual Studio Solution File, Format Version 12.00
# Visual Studio Version 16
VisualStudioVersion = 16.0.34301.259
MinimumVisualStudioVersion = 10.0.40219.1
Project("{8BC9CEB8-8B4A-11D0-8D11-00A0C91BC942}") = "OpenGL", "OpenGL.vcxproj", "{25C9934A-6A64-483D-A3D3-CDB99F5CE84A}"
EndProject
Project("{8BC9CEB8-8B4A-11D0-8D11-00A0C91BC942}") = "MVP", "..\MVP\MVP.vcxproj", "{0279514B-4578-4387-A6DA-95F645438310}"
EndProject
Global
	GlobalSection(SolutionConfigurationPlatforms) = preSolution
		Debug|x64 = Debug|x64
		Debug|x86 = Debug|x86
		Release|x64 = Release|x64
		Release|x86 = Release|x86
	EndGlobalSection
	GlobalSection(ProjectConfigurationPlatforms) = postSolution
		{25C9934A-6A64-483D-A3D3-CDB99F5CE84A}.Debug|x64.ActiveCfg = Debug|x64
		{25C9934A-6A64-483D-A3D3-CDB99F5CE84A}.Debug|x64.Build.0 = Debug|x64
		{25C9934A-6A64-483D-A3D3-CDB99F5CE84A}.Debug|x86.ActiveCfg = Debug|Win32
		{25C9934A-6A64-483D-A3D3-CDB99F5CE84A}.Debug|x86.Build.0 = Debug|Win32
		{25C9934A-6A64-483D-A3D3-CDB99F5CE84A}.Release|x64.ActiveCfg = Release|x64
		{25C9934A-6A64-483D-A3D3-CDB99F5CE84A}.Release|x64.Build.0 = Release|x64
		{25C9934A-6A64-483D-A3D3-CDB99F5CE84A}.Release|x86.ActiveCfg = Release|Win32
		{25C9934A-6A64-483D-A3D3-CDB99F5CE84A}.Release|x86.Build.0 = Release|Win32
		{0279514B-4578-4387-A6DA-95F645438310}.Debug|x64.ActiveCfg = Debug|x64
		{0279514B-4578-4387-A6DA-95F645438310}.Debug|x64.Build.0 = Debug|x64
		{0279514B-4578-4387-A6DA-95F645438310}.Debug|x86.ActiveCfg = Debug|Win32
		{0279514B-4578-4387-A6DA-95F645438310}.Debug|x86.Build.0 = Debug|Win32
		{0279514B-4578-4387-A6DA-95F645438310}.Release|x64.ActiveCfg = Release|x64
		{0279514B-4578-4387-A6DA-95F645438310}.Release|x64.Build.0 = Release|x64
		{0279514B-4578-4387-A6DA-95F645438310}.Release|x86.ActiveCfg = Release|Win32
		{0279514B-4578-4387-A6DA-95F645438310}.Release|x86.Build.0 = Release|Win32
	EndGlobalSection
	GlobalSection(SolutionProperties) = preSolution
		HideSolutionNode = FALSE
	EndGlobalSection
	GlobalSection(ExtensibilityGlobals) = postSolution
		SolutionGuid = {016B6257-6DB8-45C2-ABCF-E42DBA4CAF56}
	EndGlobalSection
EndGlobal
