
Microsoft Visual Studio Solution File, Format Version 12.00
# Visual Studio Version 16
VisualStudioVersion = 16.0.34301.259
MinimumVisualStudioVersion = 10.0.40219.1
Project("{8BC9CEB8-8B4A-11D0-8D11-00A0C91BC942}") = "OpenGL", "OpenGL.vcxproj", "{25C9934A-6A64-483D-A3D3-CDB99F5CE84A}"
EndProject
Project("{8BC9CEB8-8B4A-11D0-8D11-00A0C91BC942}") = "MVP", "..\MVP\MVP.vcxproj", "{0279514B-4578-4387-A6DA-95F645438310}"
EndProject
Project("{8BC9CEB8-8B4A-11D0-8D11-00A0C91BC942}") = "ComputeShader", "..\ComputeShader\ComputeShader.vcxproj", "{0F32D49D-8FBA-4FA1-98C4-60F45DB127E8}"
EndProject
Project("{8BC9CEB8-8B4A-11D0-8D11-00A0C91BC942}") = "Rotate", "..\Rotate\Rotate.vcxproj", "{CC8DB155-FD4F-49F9-A164-40DE686D8645}"
EndProject
Project("{8BC9CEB8-8B4A-11D0-8D11-00A0C91BC942}") = "FrameBuffers", "..\FrameBuffers\FrameBuffers.vcxproj", "{F55651C8-54B6-429B-A5C9-7FD636195971}"
EndProject
Project("{8BC9CEB8-8B4A-11D0-8D11-00A0C91BC942}") = "Camera", "..\Camera\Camera.vcxproj", "{E33FB83D-8BA4-4F8F-9EF8-3E65E87CEACE}"
EndProject
Project("{8BC9CEB8-8B4A-11D0-8D11-00A0C91BC942}") = "Shadow", "..\Shadow\Shadow.vcxproj", "{D96446F6-9489-427F-A80B-0753FA579529}"
EndProject
Project("{8BC9CEB8-8B4A-11D0-8D11-00A0C91BC942}") = "Model", "..\Model\Model.vcxproj", "{E2FC468C-5C84-4FB8-8F11-241334ACB4C0}"
EndProject
Global
	GlobalSection(SolutionConfigurationPlatforms) = preSolution
		Debug|x64 = Debug|x64
		Debug|x86 = Debug|x86
		Release|x64 = Release|x64
		Release|x86 = Release|x86
	EndGlobalSection
	GlobalSection(ProjectConfigurationPlatforms) = postSolution
		{25C9934A-6A64-483D-A3D3-CDB99F5CE84A}.Debug|x64.ActiveCfg = Debug|x64
		{25C9934A-6A64-483D-A3D3-CDB99F5CE84A}.Debug|x64.Build.0 = Debug|x64
		{25C9934A-6A64-483D-A3D3-CDB99F5CE84A}.Debug|x86.ActiveCfg = Debug|Win32
		{25C9934A-6A64-483D-A3D3-CDB99F5CE84A}.Debug|x86.Build.0 = Debug|Win32
		{25C9934A-6A64-483D-A3D3-CDB99F5CE84A}.Release|x64.ActiveCfg = Release|x64
		{25C9934A-6A64-483D-A3D3-CDB99F5CE84A}.Release|x64.Build.0 = Release|x64
		{25C9934A-6A64-483D-A3D3-CDB99F5CE84A}.Release|x86.ActiveCfg = Release|Win32
		{25C9934A-6A64-483D-A3D3-CDB99F5CE84A}.Release|x86.Build.0 = Release|Win32
		{0279514B-4578-4387-A6DA-95F645438310}.Debug|x64.ActiveCfg = Debug|x64
		{0279514B-4578-4387-A6DA-95F645438310}.Debug|x64.Build.0 = Debug|x64
		{0279514B-4578-4387-A6DA-95F645438310}.Debug|x86.ActiveCfg = Debug|Win32
		{0279514B-4578-4387-A6DA-95F645438310}.Debug|x86.Build.0 = Debug|Win32
		{0279514B-4578-4387-A6DA-95F645438310}.Release|x64.ActiveCfg = Release|x64
		{0279514B-4578-4387-A6DA-95F645438310}.Release|x64.Build.0 = Release|x64
		{0279514B-4578-4387-A6DA-95F645438310}.Release|x86.ActiveCfg = Release|Win32
		{0279514B-4578-4387-A6DA-95F645438310}.Release|x86.Build.0 = Release|Win32
		{0F32D49D-8FBA-4FA1-98C4-60F45DB127E8}.Debug|x64.ActiveCfg = Debug|x64
		{0F32D49D-8FBA-4FA1-98C4-60F45DB127E8}.Debug|x64.Build.0 = Debug|x64
		{0F32D49D-8FBA-4FA1-98C4-60F45DB127E8}.Debug|x86.ActiveCfg = Debug|Win32
		{0F32D49D-8FBA-4FA1-98C4-60F45DB127E8}.Debug|x86.Build.0 = Debug|Win32
		{0F32D49D-8FBA-4FA1-98C4-60F45DB127E8}.Release|x64.ActiveCfg = Release|x64
		{0F32D49D-8FBA-4FA1-98C4-60F45DB127E8}.Release|x64.Build.0 = Release|x64
		{0F32D49D-8FBA-4FA1-98C4-60F45DB127E8}.Release|x86.ActiveCfg = Release|Win32
		{0F32D49D-8FBA-4FA1-98C4-60F45DB127E8}.Release|x86.Build.0 = Release|Win32
		{CC8DB155-FD4F-49F9-A164-40DE686D8645}.Debug|x64.ActiveCfg = Debug|x64
		{CC8DB155-FD4F-49F9-A164-40DE686D8645}.Debug|x64.Build.0 = Debug|x64
		{CC8DB155-FD4F-49F9-A164-40DE686D8645}.Debug|x86.ActiveCfg = Debug|Win32
		{CC8DB155-FD4F-49F9-A164-40DE686D8645}.Debug|x86.Build.0 = Debug|Win32
		{CC8DB155-FD4F-49F9-A164-40DE686D8645}.Release|x64.ActiveCfg = Release|x64
		{CC8DB155-FD4F-49F9-A164-40DE686D8645}.Release|x64.Build.0 = Release|x64
		{CC8DB155-FD4F-49F9-A164-40DE686D8645}.Release|x86.ActiveCfg = Release|Win32
		{CC8DB155-FD4F-49F9-A164-40DE686D8645}.Release|x86.Build.0 = Release|Win32
		{F55651C8-54B6-429B-A5C9-7FD636195971}.Debug|x64.ActiveCfg = Debug|x64
		{F55651C8-54B6-429B-A5C9-7FD636195971}.Debug|x64.Build.0 = Debug|x64
		{F55651C8-54B6-429B-A5C9-7FD636195971}.Debug|x86.ActiveCfg = Debug|Win32
		{F55651C8-54B6-429B-A5C9-7FD636195971}.Debug|x86.Build.0 = Debug|Win32
		{F55651C8-54B6-429B-A5C9-7FD636195971}.Release|x64.ActiveCfg = Release|x64
		{F55651C8-54B6-429B-A5C9-7FD636195971}.Release|x64.Build.0 = Release|x64
		{F55651C8-54B6-429B-A5C9-7FD636195971}.Release|x86.ActiveCfg = Release|Win32
		{F55651C8-54B6-429B-A5C9-7FD636195971}.Release|x86.Build.0 = Release|Win32
		{E33FB83D-8BA4-4F8F-9EF8-3E65E87CEACE}.Debug|x64.ActiveCfg = Debug|x64
		{E33FB83D-8BA4-4F8F-9EF8-3E65E87CEACE}.Debug|x64.Build.0 = Debug|x64
		{E33FB83D-8BA4-4F8F-9EF8-3E65E87CEACE}.Debug|x86.ActiveCfg = Debug|Win32
		{E33FB83D-8BA4-4F8F-9EF8-3E65E87CEACE}.Debug|x86.Build.0 = Debug|Win32
		{E33FB83D-8BA4-4F8F-9EF8-3E65E87CEACE}.Release|x64.ActiveCfg = Release|x64
		{E33FB83D-8BA4-4F8F-9EF8-3E65E87CEACE}.Release|x64.Build.0 = Release|x64
		{E33FB83D-8BA4-4F8F-9EF8-3E65E87CEACE}.Release|x86.ActiveCfg = Release|Win32
		{E33FB83D-8BA4-4F8F-9EF8-3E65E87CEACE}.Release|x86.Build.0 = Release|Win32
		{D96446F6-9489-427F-A80B-0753FA579529}.Debug|x64.ActiveCfg = Debug|x64
		{D96446F6-9489-427F-A80B-0753FA579529}.Debug|x64.Build.0 = Debug|x64
		{D96446F6-9489-427F-A80B-0753FA579529}.Debug|x86.ActiveCfg = Debug|Win32
		{D96446F6-9489-427F-A80B-0753FA579529}.Debug|x86.Build.0 = Debug|Win32
		{D96446F6-9489-427F-A80B-0753FA579529}.Release|x64.ActiveCfg = Release|x64
		{D96446F6-9489-427F-A80B-0753FA579529}.Release|x64.Build.0 = Release|x64
		{D96446F6-9489-427F-A80B-0753FA579529}.Release|x86.ActiveCfg = Release|Win32
		{D96446F6-9489-427F-A80B-0753FA579529}.Release|x86.Build.0 = Release|Win32
		{E2FC468C-5C84-4FB8-8F11-241334ACB4C0}.Debug|x64.ActiveCfg = Debug|x64
		{E2FC468C-5C84-4FB8-8F11-241334ACB4C0}.Debug|x64.Build.0 = Debug|x64
		{E2FC468C-5C84-4FB8-8F11-241334ACB4C0}.Debug|x86.ActiveCfg = Debug|Win32
		{E2FC468C-5C84-4FB8-8F11-241334ACB4C0}.Debug|x86.Build.0 = Debug|Win32
		{E2FC468C-5C84-4FB8-8F11-241334ACB4C0}.Release|x64.ActiveCfg = Release|x64
		{E2FC468C-5C84-4FB8-8F11-241334ACB4C0}.Release|x64.Build.0 = Release|x64
		{E2FC468C-5C84-4FB8-8F11-241334ACB4C0}.Release|x86.ActiveCfg = Release|Win32
		{E2FC468C-5C84-4FB8-8F11-241334ACB4C0}.Release|x86.Build.0 = Release|Win32
	EndGlobalSection
	GlobalSection(SolutionProperties) = preSolution
		HideSolutionNode = FALSE
	EndGlobalSection
	GlobalSection(ExtensibilityGlobals) = postSolution
		SolutionGuid = {016B6257-6DB8-45C2-ABCF-E42DBA4CAF56}
	EndGlobalSection
EndGlobal
